{
  "name": "contenful-layout",
  "version": "0.1.14",
  "lockfileVersion": 3,
  "requires": true,
  "packages": {
    "": {
      "name": "contenful-layout",
      "version": "0.1.14",
      "license": "MIT",
      "bin": {
        "contenful-layout": "index.js"
      },
      "engines": {
        "node": ">=16"
      }
    }
  }
}
